<?xml version="1.0" encoding="utf-8"?>
<Project ToolsVersion="4.0" xmlns="http://schemas.microsoft.com/developer/msbuild/2003">
  <ItemGroup>
    <Filter Include="Quelldateien">
      <UniqueIdentifier>{4FC737F1-C7A5-4376-A066-2A32D752A2FF}</UniqueIdentifier>
      <Extensions>cpp;c;cc;cxx;def;odl;idl;hpj;bat;asm;asmx</Extensions>
    </Filter>
    <Filter Include="Headerdateien">
      <UniqueIdentifier>{93995380-89BD-4b04-88EB-625FBE52EBFB}</UniqueIdentifier>
      <Extensions>h;hh;hpp;hxx;hm;inl;inc;xsd</Extensions>
    </Filter>
    <Filter Include="Ressourcendateien">
      <UniqueIdentifier>{67DA6AB6-F800-4c08-8B7A-83BB121AAD01}</UniqueIdentifier>
      <Extensions>rc;ico;cur;bmp;dlg;rc2;rct;bin;rgs;gif;jpg;jpeg;jpe;resx;tiff;tif;png;wav;mfcribbon-ms</Extensions>
    </Filter>
  </ItemGroup>
  <ItemGroup>
    <ClInclude Include="AlphaBeta.h">
      <Filter>Headerdateien</Filter>
    </ClInclude>
    <ClInclude Include="Board.h">
      <Filter>Headerdateien</Filter>
    </ClInclude>
    <ClInclude Include="CheckPattern.h">
      <Filter>Headerdateien</Filter>
    </ClInclude>
    <ClInclude Include="Const.h">
      <Filter>Headerdateien</Filter>
    </ClInclude>
    <ClInclude Include="CritPos.h">
      <Filter>Headerdateien</Filter>
    </ClInclude>
    <ClInclude Include="Evaluation.h">
      <Filter>Headerdateien</Filter>
    </ClInclude>
    <ClInclude Include="Field.h">
      <Filter>Headerdateien</Filter>
    </ClInclude>
    <ClInclude Include="FieldData.h">
      <Filter>Headerdateien</Filter>
    </ClInclude>
    <ClInclude Include="InitialMoves.h">
      <Filter>Headerdateien</Filter>
    </ClInclude>
    <ClInclude Include="JNILogic.h">
      <Filter>Headerdateien</Filter>
    </ClInclude>
    <ClInclude Include="MatchUnit.h">
      <Filter>Headerdateien</Filter>
    </ClInclude>
    <ClInclude Include="Move.h">
      <Filter>Headerdateien</Filter>
    </ClInclude>
    <ClInclude Include="OrderedMoves.h">
      <Filter>Headerdateien</Filter>
    </ClInclude>
    <ClInclude Include="Pattern.h">
      <Filter>Headerdateien</Filter>
    </ClInclude>
    <ClInclude Include="PatternElement.h">
      <Filter>Headerdateien</Filter>
    </ClInclude>
    <ClInclude Include="Pin.h">
      <Filter>Headerdateien</Filter>
    </ClInclude>
    <ClInclude Include="Races.h">
      <Filter>Headerdateien</Filter>
    </ClInclude>
    <ClInclude Include="Timer.h">
      <Filter>Headerdateien</Filter>
    </ClInclude>
    <ClInclude Include="TimeUtils.h">
      <Filter>Headerdateien</Filter>
    </ClInclude>
    <ClInclude Include="Utilities.h">
      <Filter>Headerdateien</Filter>
    </ClInclude>
    <ClInclude Include="ValuedMove.h">
      <Filter>Headerdateien</Filter>
    </ClInclude>
    <ClInclude Include="Zobrist.h">
      <Filter>Headerdateien</Filter>
    </ClInclude>
    <ClInclude Include="LinuxTimeUtils.h">
      <Filter>Headerdateien</Filter>
    </ClInclude>
  </ItemGroup>
  <ItemGroup>
    <ClCompile Include="AlphaBeta.cpp">
      <Filter>Quelldateien</Filter>
    </ClCompile>
    <ClCompile Include="Board.cpp">
      <Filter>Quelldateien</Filter>
    </ClCompile>
    <ClCompile Include="CheckPattern.cpp">
      <Filter>Quelldateien</Filter>
    </ClCompile>
    <ClCompile Include="CritPos.cpp">
      <Filter>Quelldateien</Filter>
    </ClCompile>
    <ClCompile Include="Evaluation.cpp">
      <Filter>Quelldateien</Filter>
    </ClCompile>
    <ClCompile Include="Field.cpp">
      <Filter>Quelldateien</Filter>
    </ClCompile>
    <ClCompile Include="FieldData.cpp">
      <Filter>Quelldateien</Filter>
    </ClCompile>
    <ClCompile Include="InitialMoves.cpp">
      <Filter>Quelldateien</Filter>
    </ClCompile>
    <ClCompile Include="JNILogic.cpp">
      <Filter>Quelldateien</Filter>
    </ClCompile>
    <ClCompile Include="MatchUnit.cpp">
      <Filter>Quelldateien</Filter>
    </ClCompile>
    <ClCompile Include="Move.cpp">
      <Filter>Quelldateien</Filter>
    </ClCompile>
    <ClCompile Include="OrderedMoves.cpp">
      <Filter>Quelldateien</Filter>
    </ClCompile>
    <ClCompile Include="Pattern.cpp">
      <Filter>Quelldateien</Filter>
    </ClCompile>
    <ClCompile Include="PatternElement.cpp">
      <Filter>Quelldateien</Filter>
    </ClCompile>
    <ClCompile Include="Pin.cpp">
      <Filter>Quelldateien</Filter>
    </ClCompile>
    <ClCompile Include="Races.cpp">
      <Filter>Quelldateien</Filter>
    </ClCompile>
    <ClCompile Include="ServerEmulator.cpp">
      <Filter>Quelldateien</Filter>
    </ClCompile>
    <ClCompile Include="Timer.cpp">
      <Filter>Quelldateien</Filter>
    </ClCompile>
    <ClCompile Include="TimeUtils.cpp">
      <Filter>Quelldateien</Filter>
    </ClCompile>
    <ClCompile Include="Utilities.cpp">
      <Filter>Quelldateien</Filter>
    </ClCompile>
    <ClCompile Include="ValuedMove.cpp">
      <Filter>Quelldateien</Filter>
    </ClCompile>
    <ClCompile Include="Zobrist.cpp">
      <Filter>Quelldateien</Filter>
    </ClCompile>
    <ClCompile Include="LinuxTimeUtils.cpp">
      <Filter>Quelldateien</Filter>
    </ClCompile>
  </ItemGroup>
</Project>